
Microsoft Visual Studio Solution File, Format Version 12.00
# Visual Studio Version 16
VisualStudioVersion = 16.0.31005.135
MinimumVisualStudioVersion = 10.0.40219.1
Project("{9A19103F-16F7-4668-BE54-9A1E7A4F7556}") = "MusicRecommendations", "MusicRecommendations\MusicRecommendations.csproj", "{262DBF13-DD29-493A-96A2-3A4038E4B145}"
EndProject
Global
	GlobalSection(SolutionConfigurationPlatforms) = preSolution
		Debug|Any CPU = Debug|Any CPU
		Release|Any CPU = Release|Any CPU
	EndGlobalSection
	GlobalSection(ProjectConfigurationPlatforms) = postSolution
		{262DBF13-DD29-493A-96A2-3A4038E4B145}.Debug|Any CPU.ActiveCfg = Debug|Any CPU
		{262DBF13-DD29-493A-96A2-3A4038E4B145}.Debug|Any CPU.Build.0 = Debug|Any CPU
		{262DBF13-DD29-493A-96A2-3A4038E4B145}.Release|Any CPU.ActiveCfg = Release|Any CPU
		{262DBF13-DD29-493A-96A2-3A4038E4B145}.Release|Any CPU.Build.0 = Release|Any CPU
	EndGlobalSection
	GlobalSection(SolutionProperties) = preSolution
		HideSolutionNode = FALSE
	EndGlobalSection
	GlobalSection(ExtensibilityGlobals) = postSolution
		SolutionGuid = {0BE27776-9986-448A-BA0D-37BC8940F359}
	EndGlobalSection
EndGlobal
